
Microsoft Visual Studio Solution File, Format Version 12.00
# Visual Studio Version 17
VisualStudioVersion = 17.4.33122.133
MinimumVisualStudioVersion = 10.0.40219.1
Project("{FAE04EC0-301F-11D3-BF4B-00C04F79EFBC}") = "HongTam", "HongTam\HongTam.csproj", "{4E6254F8-16B3-4CED-B734-B9D976DA5B4F}"
EndProject
Global
	GlobalSection(SolutionConfigurationPlatforms) = preSolution
		Debug|Any CPU = Debug|Any CPU
		Release|Any CPU = Release|Any CPU
	EndGlobalSection
	GlobalSection(ProjectConfigurationPlatforms) = postSolution
		{4E6254F8-16B3-4CED-B734-B9D976DA5B4F}.Debug|Any CPU.ActiveCfg = Debug|Any CPU
		{4E6254F8-16B3-4CED-B734-B9D976DA5B4F}.Debug|Any CPU.Build.0 = Debug|Any CPU
		{4E6254F8-16B3-4CED-B734-B9D976DA5B4F}.Release|Any CPU.ActiveCfg = Release|Any CPU
		{4E6254F8-16B3-4CED-B734-B9D976DA5B4F}.Release|Any CPU.Build.0 = Release|Any CPU
	EndGlobalSection
	GlobalSection(SolutionProperties) = preSolution
		HideSolutionNode = FALSE
	EndGlobalSection
	GlobalSection(ExtensibilityGlobals) = postSolution
		SolutionGuid = {02DC6CB0-2675-4C3A-83C9-98FEA306CE91}
	EndGlobalSection
EndGlobal
